// !$*UTF8*$!
{
	archiveVersion = 1;
	classes = {
	};
	objectVersion = 56;
	objects = {

/* Begin PBXBuildFile section */
		791E4ACA2AE1325D006DFE88 /* SpeechRecognizer.swift in Sources */ = {isa = PBXBuildFile; fileRef = 791E4AC92AE1325D006DFE88 /* SpeechRecognizer.swift */; };
		791E4ACB2AE1325D006DFE88 /* SpeechRecognizer.swift in Sources */ = {isa = PBXBuildFile; fileRef = 791E4AC92AE1325D006DFE88 /* SpeechRecognizer.swift */; };
		791E4ACD2AE13AEF006DFE88 /* EnvironmentValues+Key.swift in Sources */ = {isa = PBXBuildFile; fileRef = 791E4ACC2AE13AEF006DFE88 /* EnvironmentValues+Key.swift */; };
		791E4ACE2AE13AEF006DFE88 /* EnvironmentValues+Key.swift in Sources */ = {isa = PBXBuildFile; fileRef = 791E4ACC2AE13AEF006DFE88 /* EnvironmentValues+Key.swift */; };
		791E4AD32AE15D11006DFE88 /* SensoryFeedbackPlayer.swift in Sources */ = {isa = PBXBuildFile; fileRef = 791E4AD22AE15D11006DFE88 /* SensoryFeedbackPlayer.swift */; };
		791E4AD42AE15D11006DFE88 /* SensoryFeedbackPlayer.swift in Sources */ = {isa = PBXBuildFile; fileRef = 791E4AD22AE15D11006DFE88 /* SensoryFeedbackPlayer.swift */; };
		7938E2162AE1673B00A1B94B /* ding.wav in Resources */ = {isa = PBXBuildFile; fileRef = 7938E2152AE1673B00A1B94B /* ding.wav */; };
		7938E2172AE1673B00A1B94B /* ding.wav in Resources */ = {isa = PBXBuildFile; fileRef = 7938E2152AE1673B00A1B94B /* ding.wav */; };
		7940E1A92AD94B8F0036D710 /* Standups_MVCApp.swift in Sources */ = {isa = PBXBuildFile; fileRef = 7940E1A82AD94B8F0036D710 /* Standups_MVCApp.swift */; };
		7940E1AB2AD94B8F0036D710 /* StandupsListView.swift in Sources */ = {isa = PBXBuildFile; fileRef = 7940E1AA2AD94B8F0036D710 /* StandupsListView.swift */; };
		7940E1AD2AD94B920036D710 /* Assets.xcassets in Resources */ = {isa = PBXBuildFile; fileRef = 7940E1AC2AD94B920036D710 /* Assets.xcassets */; };
		7940E1B02AD94B920036D710 /* Preview Assets.xcassets in Resources */ = {isa = PBXBuildFile; fileRef = 7940E1AF2AD94B920036D710 /* Preview Assets.xcassets */; };
		7940E1BB2AD94B920036D710 /* StandupListTests.swift in Sources */ = {isa = PBXBuildFile; fileRef = 7940E1BA2AD94B920036D710 /* StandupListTests.swift */; };
		7940E1C62AD9539F0036D710 /* Task+Sleep.swift in Sources */ = {isa = PBXBuildFile; fileRef = 7940E1C52AD9539F0036D710 /* Task+Sleep.swift */; };
		7940E1CE2AD95DA80036D710 /* Standup.swift in Sources */ = {isa = PBXBuildFile; fileRef = 7940E1CD2AD95DA80036D710 /* Standup.swift */; };
		7940E1D22AD95EE10036D710 /* SampleData.swift in Sources */ = {isa = PBXBuildFile; fileRef = 7940E1D12AD95EE10036D710 /* SampleData.swift */; };
		7940E1D42AD9607A0036D710 /* EditStandupView.swift in Sources */ = {isa = PBXBuildFile; fileRef = 7940E1D32AD9607A0036D710 /* EditStandupView.swift */; };
		7940E1D72ADC115B0036D710 /* TestUtils.swift in Sources */ = {isa = PBXBuildFile; fileRef = 7940E1D62ADC115B0036D710 /* TestUtils.swift */; };
		79489E142AE0097D0040C708 /* StandupDetailView.swift in Sources */ = {isa = PBXBuildFile; fileRef = 79489E132AE0097D0040C708 /* StandupDetailView.swift */; };
		79489E152AE0097D0040C708 /* StandupDetailView.swift in Sources */ = {isa = PBXBuildFile; fileRef = 79489E132AE0097D0040C708 /* StandupDetailView.swift */; };
		79489E1B2AE036D00040C708 /* Attendee.swift in Sources */ = {isa = PBXBuildFile; fileRef = 79489E1A2AE036D00040C708 /* Attendee.swift */; };
		79489E1C2AE036D00040C708 /* Attendee.swift in Sources */ = {isa = PBXBuildFile; fileRef = 79489E1A2AE036D00040C708 /* Attendee.swift */; };
		79489E1E2AE042C00040C708 /* Theme.swift in Sources */ = {isa = PBXBuildFile; fileRef = 79489E1D2AE042C00040C708 /* Theme.swift */; };
		79489E1F2AE042C00040C708 /* Theme.swift in Sources */ = {isa = PBXBuildFile; fileRef = 79489E1D2AE042C00040C708 /* Theme.swift */; };
		79489E222AE043F40040C708 /* iOSIcon.xcassets in Resources */ = {isa = PBXBuildFile; fileRef = 79489E212AE043F40040C708 /* iOSIcon.xcassets */; };
		79489E3D2AE044920040C708 /* Assets.xcassets in Resources */ = {isa = PBXBuildFile; fileRef = 7940E1AC2AD94B920036D710 /* Assets.xcassets */; };
		79489E3F2AE048780040C708 /* TrailingIconLabelStyle.swift in Sources */ = {isa = PBXBuildFile; fileRef = 79489E3E2AE048780040C708 /* TrailingIconLabelStyle.swift */; };
		79489E402AE048780040C708 /* TrailingIconLabelStyle.swift in Sources */ = {isa = PBXBuildFile; fileRef = 79489E3E2AE048780040C708 /* TrailingIconLabelStyle.swift */; };
		7956143B2AF3CD04001C59A5 /* Utils.swift in Sources */ = {isa = PBXBuildFile; fileRef = 7956143A2AF3CD04001C59A5 /* Utils.swift */; };
		7956143C2AF3CD04001C59A5 /* Utils.swift in Sources */ = {isa = PBXBuildFile; fileRef = 7956143A2AF3CD04001C59A5 /* Utils.swift */; };
		7956143E2AF3D021001C59A5 /* AppTests.swift in Sources */ = {isa = PBXBuildFile; fileRef = 7956143D2AF3D021001C59A5 /* AppTests.swift */; };
		7956143F2AF3D021001C59A5 /* AppTests.swift in Sources */ = {isa = PBXBuildFile; fileRef = 7956143D2AF3D021001C59A5 /* AppTests.swift */; };
		796874002ADD1D9B0066F95E /* StandupListTests.swift in Sources */ = {isa = PBXBuildFile; fileRef = 7940E1BA2AD94B920036D710 /* StandupListTests.swift */; };
		796874032ADD5D6C0066F95E /* Playground.swift in Sources */ = {isa = PBXBuildFile; fileRef = 796874022ADD5D6C0066F95E /* Playground.swift */; };
		796874042ADD5D700066F95E /* Playground.swift in Sources */ = {isa = PBXBuildFile; fileRef = 796874022ADD5D6C0066F95E /* Playground.swift */; };
		79D60B112AE0533D00F8C8ED /* RecordMeetingView.swift in Sources */ = {isa = PBXBuildFile; fileRef = 79D60B102AE0533D00F8C8ED /* RecordMeetingView.swift */; };
		79D60B122AE0533D00F8C8ED /* RecordMeetingView.swift in Sources */ = {isa = PBXBuildFile; fileRef = 79D60B102AE0533D00F8C8ED /* RecordMeetingView.swift */; };
		79D6B2E12ADC846D0018F4F8 /* View+SyncPreference.swift in Sources */ = {isa = PBXBuildFile; fileRef = 79D6B2E02ADC846D0018F4F8 /* View+SyncPreference.swift */; };
		79D6B2F62ADD18FE0018F4F8 /* TestUtils.swift in Sources */ = {isa = PBXBuildFile; fileRef = 7940E1D62ADC115B0036D710 /* TestUtils.swift */; };
		79D6B2F72ADD18FF0018F4F8 /* View+SyncPreference.swift in Sources */ = {isa = PBXBuildFile; fileRef = 79D6B2E02ADC846D0018F4F8 /* View+SyncPreference.swift */; };
		79D6B2F82ADD18FF0018F4F8 /* Task+Sleep.swift in Sources */ = {isa = PBXBuildFile; fileRef = 7940E1C52AD9539F0036D710 /* Task+Sleep.swift */; };
		79D6B2F92ADD19050018F4F8 /* SampleData.swift in Sources */ = {isa = PBXBuildFile; fileRef = 7940E1D12AD95EE10036D710 /* SampleData.swift */; };
		79D6B2FA2ADD19050018F4F8 /* Standup.swift in Sources */ = {isa = PBXBuildFile; fileRef = 7940E1CD2AD95DA80036D710 /* Standup.swift */; };
		79D6B2FB2ADD190B0018F4F8 /* StandupsListView.swift in Sources */ = {isa = PBXBuildFile; fileRef = 7940E1AA2AD94B8F0036D710 /* StandupsListView.swift */; };
		79D6B2FC2ADD190B0018F4F8 /* EditStandupView.swift in Sources */ = {isa = PBXBuildFile; fileRef = 7940E1D32AD9607A0036D710 /* EditStandupView.swift */; };
		79D6B2FD2ADD19110018F4F8 /* Standups_MVCApp.swift in Sources */ = {isa = PBXBuildFile; fileRef = 7940E1A82AD94B8F0036D710 /* Standups_MVCApp.swift */; };
		79D835D72AE7DA2200B111EA /* Reference.swift in Sources */ = {isa = PBXBuildFile; fileRef = 79D835D62AE7DA2200B111EA /* Reference.swift */; };
		79D835D82AE7DA2200B111EA /* Reference.swift in Sources */ = {isa = PBXBuildFile; fileRef = 79D835D62AE7DA2200B111EA /* Reference.swift */; };
		79DB91B22AF2763A004E6AD0 /* Date.swift in Sources */ = {isa = PBXBuildFile; fileRef = 79DB91B12AF2763A004E6AD0 /* Date.swift */; };
		79DB91B32AF2763A004E6AD0 /* Date.swift in Sources */ = {isa = PBXBuildFile; fileRef = 79DB91B12AF2763A004E6AD0 /* Date.swift */; };
		79DB91B82AF27B9A004E6AD0 /* MeetingDetailView.swift in Sources */ = {isa = PBXBuildFile; fileRef = 79DB91B72AF27B9A004E6AD0 /* MeetingDetailView.swift */; };
		79DB91B92AF27B9A004E6AD0 /* MeetingDetailView.swift in Sources */ = {isa = PBXBuildFile; fileRef = 79DB91B72AF27B9A004E6AD0 /* MeetingDetailView.swift */; };
		79F1CC782AE7E4E10075D6D2 /* Standup+DeepCopy.swift in Sources */ = {isa = PBXBuildFile; fileRef = 79F1CC772AE7E4E10075D6D2 /* Standup+DeepCopy.swift */; };
		79F1CC7A2AE7E4EF0075D6D2 /* Attendee+DeepCopy.swift in Sources */ = {isa = PBXBuildFile; fileRef = 79F1CC792AE7E4EF0075D6D2 /* Attendee+DeepCopy.swift */; };
		79F1CC7B2AE7E4EF0075D6D2 /* Attendee+DeepCopy.swift in Sources */ = {isa = PBXBuildFile; fileRef = 79F1CC792AE7E4EF0075D6D2 /* Attendee+DeepCopy.swift */; };
		79F1CC7C2AE7E4F40075D6D2 /* Standup+DeepCopy.swift in Sources */ = {isa = PBXBuildFile; fileRef = 79F1CC772AE7E4E10075D6D2 /* Standup+DeepCopy.swift */; };
		79F1CC7E2AF137280075D6D2 /* Alert+Item.swift in Sources */ = {isa = PBXBuildFile; fileRef = 79F1CC7D2AF137280075D6D2 /* Alert+Item.swift */; };
		79F1CC7F2AF137280075D6D2 /* Alert+Item.swift in Sources */ = {isa = PBXBuildFile; fileRef = 79F1CC7D2AF137280075D6D2 /* Alert+Item.swift */; };
		79F1CC812AF138E70075D6D2 /* SimpleError.swift in Sources */ = {isa = PBXBuildFile; fileRef = 79F1CC802AF138E70075D6D2 /* SimpleError.swift */; };
		79F1CC822AF138E70075D6D2 /* SimpleError.swift in Sources */ = {isa = PBXBuildFile; fileRef = 79F1CC802AF138E70075D6D2 /* SimpleError.swift */; };
		79F1CC842AF13CF90075D6D2 /* Meeting.swift in Sources */ = {isa = PBXBuildFile; fileRef = 79F1CC832AF13CF90075D6D2 /* Meeting.swift */; };
		79F1CC852AF13CF90075D6D2 /* Meeting.swift in Sources */ = {isa = PBXBuildFile; fileRef = 79F1CC832AF13CF90075D6D2 /* Meeting.swift */; };
/* End PBXBuildFile section */

/* Begin PBXContainerItemProxy section */
		7940E1B72AD94B920036D710 /* PBXContainerItemProxy */ = {
			isa = PBXContainerItemProxy;
			containerPortal = 7940E1992AD94B8F0036D710 /* Project object */;
			proxyType = 1;
			remoteGlobalIDString = 7940E1A02AD94B8F0036D710;
			remoteInfo = "Standups-MVC";
		};
		796873FB2ADD1D4B0066F95E /* PBXContainerItemProxy */ = {
			isa = PBXContainerItemProxy;
			containerPortal = 7940E1992AD94B8F0036D710 /* Project object */;
			proxyType = 1;
			remoteGlobalIDString = 79D6B2E62ADD189E0018F4F8;
			remoteInfo = "Standups-MVC-iOS";
		};
/* End PBXContainerItemProxy section */

/* Begin PBXFileReference section */
		791E4AC92AE1325D006DFE88 /* SpeechRecognizer.swift */ = {isa = PBXFileReference; lastKnownFileType = sourcecode.swift; path = SpeechRecognizer.swift; sourceTree = "<group>"; };
		791E4ACC2AE13AEF006DFE88 /* EnvironmentValues+Key.swift */ = {isa = PBXFileReference; lastKnownFileType = sourcecode.swift; path = "EnvironmentValues+Key.swift"; sourceTree = "<group>"; };
		791E4AD22AE15D11006DFE88 /* SensoryFeedbackPlayer.swift */ = {isa = PBXFileReference; lastKnownFileType = sourcecode.swift; path = SensoryFeedbackPlayer.swift; sourceTree = "<group>"; };
		7938E2152AE1673B00A1B94B /* ding.wav */ = {isa = PBXFileReference; lastKnownFileType = audio.wav; path = ding.wav; sourceTree = "<group>"; };
		7940E1A12AD94B8F0036D710 /* Standups-MVC-xrOS.app */ = {isa = PBXFileReference; explicitFileType = wrapper.application; includeInIndex = 0; path = "Standups-MVC-xrOS.app"; sourceTree = BUILT_PRODUCTS_DIR; };
		7940E1A82AD94B8F0036D710 /* Standups_MVCApp.swift */ = {isa = PBXFileReference; lastKnownFileType = sourcecode.swift; path = Standups_MVCApp.swift; sourceTree = "<group>"; };
		7940E1AA2AD94B8F0036D710 /* StandupsListView.swift */ = {isa = PBXFileReference; lastKnownFileType = sourcecode.swift; path = StandupsListView.swift; sourceTree = "<group>"; };
		7940E1AC2AD94B920036D710 /* Assets.xcassets */ = {isa = PBXFileReference; lastKnownFileType = folder.assetcatalog; path = Assets.xcassets; sourceTree = "<group>"; };
		7940E1AF2AD94B920036D710 /* Preview Assets.xcassets */ = {isa = PBXFileReference; lastKnownFileType = folder.assetcatalog; path = "Preview Assets.xcassets"; sourceTree = "<group>"; };
		7940E1B12AD94B920036D710 /* Info.plist */ = {isa = PBXFileReference; lastKnownFileType = text.plist.xml; path = Info.plist; sourceTree = "<group>"; };
		7940E1B62AD94B920036D710 /* Standups-MVC-xrOSTests.xctest */ = {isa = PBXFileReference; explicitFileType = wrapper.cfbundle; includeInIndex = 0; path = "Standups-MVC-xrOSTests.xctest"; sourceTree = BUILT_PRODUCTS_DIR; };
		7940E1BA2AD94B920036D710 /* StandupListTests.swift */ = {isa = PBXFileReference; lastKnownFileType = sourcecode.swift; path = StandupListTests.swift; sourceTree = "<group>"; };
		7940E1C52AD9539F0036D710 /* Task+Sleep.swift */ = {isa = PBXFileReference; lastKnownFileType = sourcecode.swift; path = "Task+Sleep.swift"; sourceTree = "<group>"; };
		7940E1CD2AD95DA80036D710 /* Standup.swift */ = {isa = PBXFileReference; lastKnownFileType = sourcecode.swift; path = Standup.swift; sourceTree = "<group>"; };
		7940E1D12AD95EE10036D710 /* SampleData.swift */ = {isa = PBXFileReference; lastKnownFileType = sourcecode.swift; path = SampleData.swift; sourceTree = "<group>"; };
		7940E1D32AD9607A0036D710 /* EditStandupView.swift */ = {isa = PBXFileReference; lastKnownFileType = sourcecode.swift; path = EditStandupView.swift; sourceTree = "<group>"; };
		7940E1D62ADC115B0036D710 /* TestUtils.swift */ = {isa = PBXFileReference; lastKnownFileType = sourcecode.swift; path = TestUtils.swift; sourceTree = "<group>"; };
		79489E132AE0097D0040C708 /* StandupDetailView.swift */ = {isa = PBXFileReference; lastKnownFileType = sourcecode.swift; path = StandupDetailView.swift; sourceTree = "<group>"; };
		79489E192AE0162E0040C708 /* README.md */ = {isa = PBXFileReference; lastKnownFileType = net.daringfireball.markdown; path = README.md; sourceTree = "<group>"; };
		79489E1A2AE036D00040C708 /* Attendee.swift */ = {isa = PBXFileReference; lastKnownFileType = sourcecode.swift; path = Attendee.swift; sourceTree = "<group>"; };
		79489E1D2AE042C00040C708 /* Theme.swift */ = {isa = PBXFileReference; lastKnownFileType = sourcecode.swift; path = Theme.swift; sourceTree = "<group>"; };
		79489E212AE043F40040C708 /* iOSIcon.xcassets */ = {isa = PBXFileReference; lastKnownFileType = folder.assetcatalog; path = iOSIcon.xcassets; sourceTree = "<group>"; };
		79489E3E2AE048780040C708 /* TrailingIconLabelStyle.swift */ = {isa = PBXFileReference; lastKnownFileType = sourcecode.swift; path = TrailingIconLabelStyle.swift; sourceTree = "<group>"; };
		7956143A2AF3CD04001C59A5 /* Utils.swift */ = {isa = PBXFileReference; lastKnownFileType = sourcecode.swift; path = Utils.swift; sourceTree = "<group>"; };
		7956143D2AF3D021001C59A5 /* AppTests.swift */ = {isa = PBXFileReference; lastKnownFileType = sourcecode.swift; path = AppTests.swift; sourceTree = "<group>"; };
		796873F72ADD1D4B0066F95E /* Standups-MVC-iOSTests.xctest */ = {isa = PBXFileReference; explicitFileType = wrapper.cfbundle; includeInIndex = 0; path = "Standups-MVC-iOSTests.xctest"; sourceTree = BUILT_PRODUCTS_DIR; };
		796874022ADD5D6C0066F95E /* Playground.swift */ = {isa = PBXFileReference; lastKnownFileType = sourcecode.swift; path = Playground.swift; sourceTree = "<group>"; };
		79D60B102AE0533D00F8C8ED /* RecordMeetingView.swift */ = {isa = PBXFileReference; lastKnownFileType = sourcecode.swift; path = RecordMeetingView.swift; sourceTree = "<group>"; };
		79D6B2E02ADC846D0018F4F8 /* View+SyncPreference.swift */ = {isa = PBXFileReference; lastKnownFileType = sourcecode.swift; path = "View+SyncPreference.swift"; sourceTree = "<group>"; };
		79D6B2E72ADD189E0018F4F8 /* Standups-MVC-iOS.app */ = {isa = PBXFileReference; explicitFileType = wrapper.application; includeInIndex = 0; path = "Standups-MVC-iOS.app"; sourceTree = BUILT_PRODUCTS_DIR; };
		79D6B2F52ADD18D10018F4F8 /* Info.plist */ = {isa = PBXFileReference; lastKnownFileType = text.plist; path = Info.plist; sourceTree = "<group>"; };
		79D835D62AE7DA2200B111EA /* Reference.swift */ = {isa = PBXFileReference; lastKnownFileType = sourcecode.swift; path = Reference.swift; sourceTree = "<group>"; };
		79DB91B12AF2763A004E6AD0 /* Date.swift */ = {isa = PBXFileReference; lastKnownFileType = sourcecode.swift; path = Date.swift; sourceTree = "<group>"; };
		79DB91B72AF27B9A004E6AD0 /* MeetingDetailView.swift */ = {isa = PBXFileReference; lastKnownFileType = sourcecode.swift; path = MeetingDetailView.swift; sourceTree = "<group>"; };
		79F1CC772AE7E4E10075D6D2 /* Standup+DeepCopy.swift */ = {isa = PBXFileReference; lastKnownFileType = sourcecode.swift; path = "Standup+DeepCopy.swift"; sourceTree = "<group>"; };
		79F1CC792AE7E4EF0075D6D2 /* Attendee+DeepCopy.swift */ = {isa = PBXFileReference; lastKnownFileType = sourcecode.swift; path = "Attendee+DeepCopy.swift"; sourceTree = "<group>"; };
		79F1CC7D2AF137280075D6D2 /* Alert+Item.swift */ = {isa = PBXFileReference; lastKnownFileType = sourcecode.swift; path = "Alert+Item.swift"; sourceTree = "<group>"; };
		79F1CC802AF138E70075D6D2 /* SimpleError.swift */ = {isa = PBXFileReference; lastKnownFileType = sourcecode.swift; path = SimpleError.swift; sourceTree = "<group>"; };
		79F1CC832AF13CF90075D6D2 /* Meeting.swift */ = {isa = PBXFileReference; lastKnownFileType = sourcecode.swift; path = Meeting.swift; sourceTree = "<group>"; };
/* End PBXFileReference section */

/* Begin PBXFrameworksBuildPhase section */
		7940E19E2AD94B8F0036D710 /* Frameworks */ = {
			isa = PBXFrameworksBuildPhase;
			buildActionMask = 2147483647;
			files = (
			);
			runOnlyForDeploymentPostprocessing = 0;
		};
		7940E1B32AD94B920036D710 /* Frameworks */ = {
			isa = PBXFrameworksBuildPhase;
			buildActionMask = 2147483647;
			files = (
			);
			runOnlyForDeploymentPostprocessing = 0;
		};
		796873F42ADD1D4B0066F95E /* Frameworks */ = {
			isa = PBXFrameworksBuildPhase;
			buildActionMask = 2147483647;
			files = (
			);
			runOnlyForDeploymentPostprocessing = 0;
		};
		79D6B2E42ADD189E0018F4F8 /* Frameworks */ = {
			isa = PBXFrameworksBuildPhase;
			buildActionMask = 2147483647;
			files = (
			);
			runOnlyForDeploymentPostprocessing = 0;
		};
/* End PBXFrameworksBuildPhase section */

/* Begin PBXGroup section */
		7938E2182AE1674900A1B94B /* Resources */ = {
			isa = PBXGroup;
			children = (
				7940E1AC2AD94B920036D710 /* Assets.xcassets */,
				7938E2152AE1673B00A1B94B /* ding.wav */,
			);
			path = Resources;
			sourceTree = "<group>";
		};
		7940E1982AD94B8F0036D710 = {
			isa = PBXGroup;
			children = (
				79489E192AE0162E0040C708 /* README.md */,
				79D6B2E22ADD14A60018F4F8 /* Standups-MVC-xrOS */,
				79D6B2E82ADD189E0018F4F8 /* Standups-MVC-iOS */,
				7940E1A32AD94B8F0036D710 /* Standups-MVC */,
				7940E1B92AD94B920036D710 /* Standups-MVCTests */,
				7940E1A22AD94B8F0036D710 /* Products */,
			);
			indentWidth = 2;
			sourceTree = "<group>";
			tabWidth = 2;
		};
		7940E1A22AD94B8F0036D710 /* Products */ = {
			isa = PBXGroup;
			children = (
				7940E1A12AD94B8F0036D710 /* Standups-MVC-xrOS.app */,
				7940E1B62AD94B920036D710 /* Standups-MVC-xrOSTests.xctest */,
				79D6B2E72ADD189E0018F4F8 /* Standups-MVC-iOS.app */,
				796873F72ADD1D4B0066F95E /* Standups-MVC-iOSTests.xctest */,
			);
			name = Products;
			sourceTree = "<group>";
		};
		7940E1A32AD94B8F0036D710 /* Standups-MVC */ = {
			isa = PBXGroup;
			children = (
				796874012ADD5D5E0066F95E /* Playground */,
				7940E1C42AD953930036D710 /* Helpers */,
				7940E1CC2AD95D540036D710 /* Services */,
				7940E1CA2AD95D440036D710 /* Model */,
				7940E1CB2AD95D490036D710 /* View */,
				7940E1A82AD94B8F0036D710 /* Standups_MVCApp.swift */,
				7938E2182AE1674900A1B94B /* Resources */,
				7940E1AE2AD94B920036D710 /* Preview Content */,
			);
			path = "Standups-MVC";
			sourceTree = "<group>";
		};
		7940E1AE2AD94B920036D710 /* Preview Content */ = {
			isa = PBXGroup;
			children = (
				7940E1AF2AD94B920036D710 /* Preview Assets.xcassets */,
			);
			path = "Preview Content";
			sourceTree = "<group>";
		};
		7940E1B92AD94B920036D710 /* Standups-MVCTests */ = {
			isa = PBXGroup;
			children = (
				795614392AF3CCEA001C59A5 /* Helpers */,
				7940E1BA2AD94B920036D710 /* StandupListTests.swift */,
				7956143D2AF3D021001C59A5 /* AppTests.swift */,
			);
			path = "Standups-MVCTests";
			sourceTree = "<group>";
		};
		7940E1C42AD953930036D710 /* Helpers */ = {
			isa = PBXGroup;
			children = (
				7940E1C52AD9539F0036D710 /* Task+Sleep.swift */,
				7940E1D62ADC115B0036D710 /* TestUtils.swift */,
				79D6B2E02ADC846D0018F4F8 /* View+SyncPreference.swift */,
				79489E3E2AE048780040C708 /* TrailingIconLabelStyle.swift */,
				791E4ACC2AE13AEF006DFE88 /* EnvironmentValues+Key.swift */,
				79D835D62AE7DA2200B111EA /* Reference.swift */,
				79F1CC7D2AF137280075D6D2 /* Alert+Item.swift */,
				79F1CC802AF138E70075D6D2 /* SimpleError.swift */,
			);
			path = Helpers;
			sourceTree = "<group>";
		};
		7940E1CA2AD95D440036D710 /* Model */ = {
			isa = PBXGroup;
			children = (
				7940E1CD2AD95DA80036D710 /* Standup.swift */,
				79489E1A2AE036D00040C708 /* Attendee.swift */,
				79489E1D2AE042C00040C708 /* Theme.swift */,
				79F1CC832AF13CF90075D6D2 /* Meeting.swift */,
				7940E1D02AD95ED90036D710 /* SampleData */,
				79F1CC762AE7E4CA0075D6D2 /* CopyingBoilerplate */,
			);
			path = Model;
			sourceTree = "<group>";
		};
		7940E1CB2AD95D490036D710 /* View */ = {
			isa = PBXGroup;
			children = (
				7940E1AA2AD94B8F0036D710 /* StandupsListView.swift */,
				7940E1D32AD9607A0036D710 /* EditStandupView.swift */,
				79489E132AE0097D0040C708 /* StandupDetailView.swift */,
				79D60B102AE0533D00F8C8ED /* RecordMeetingView.swift */,
				79DB91B72AF27B9A004E6AD0 /* MeetingDetailView.swift */,
			);
			path = View;
			sourceTree = "<group>";
		};
		7940E1CC2AD95D540036D710 /* Services */ = {
			isa = PBXGroup;
			children = (
				791E4AC92AE1325D006DFE88 /* SpeechRecognizer.swift */,
				791E4AD22AE15D11006DFE88 /* SensoryFeedbackPlayer.swift */,
				79DB91B12AF2763A004E6AD0 /* Date.swift */,
			);
			path = Services;
			sourceTree = "<group>";
		};
		7940E1D02AD95ED90036D710 /* SampleData */ = {
			isa = PBXGroup;
			children = (
				7940E1D12AD95EE10036D710 /* SampleData.swift */,
			);
			path = SampleData;
			sourceTree = "<group>";
		};
		795614392AF3CCEA001C59A5 /* Helpers */ = {
			isa = PBXGroup;
			children = (
				7956143A2AF3CD04001C59A5 /* Utils.swift */,
			);
			path = Helpers;
			sourceTree = "<group>";
		};
		796874012ADD5D5E0066F95E /* Playground */ = {
			isa = PBXGroup;
			children = (
				796874022ADD5D6C0066F95E /* Playground.swift */,
			);
			path = Playground;
			sourceTree = "<group>";
		};
		79D6B2E22ADD14A60018F4F8 /* Standups-MVC-xrOS */ = {
			isa = PBXGroup;
			children = (
				7940E1B12AD94B920036D710 /* Info.plist */,
			);
			path = "Standups-MVC-xrOS";
			sourceTree = "<group>";
		};
		79D6B2E82ADD189E0018F4F8 /* Standups-MVC-iOS */ = {
			isa = PBXGroup;
			children = (
				79D6B2F52ADD18D10018F4F8 /* Info.plist */,
				79489E212AE043F40040C708 /* iOSIcon.xcassets */,
			);
			path = "Standups-MVC-iOS";
			sourceTree = "<group>";
		};
		79F1CC762AE7E4CA0075D6D2 /* CopyingBoilerplate */ = {
			isa = PBXGroup;
			children = (
				79F1CC772AE7E4E10075D6D2 /* Standup+DeepCopy.swift */,
				79F1CC792AE7E4EF0075D6D2 /* Attendee+DeepCopy.swift */,
			);
			path = CopyingBoilerplate;
			sourceTree = "<group>";
		};
/* End PBXGroup section */

/* Begin PBXNativeTarget section */
		7940E1A02AD94B8F0036D710 /* Standups-MVC-xrOS */ = {
			isa = PBXNativeTarget;
			buildConfigurationList = 7940E1BE2AD94B920036D710 /* Build configuration list for PBXNativeTarget "Standups-MVC-xrOS" */;
			buildPhases = (
				7940E19D2AD94B8F0036D710 /* Sources */,
				7940E19E2AD94B8F0036D710 /* Frameworks */,
				7940E19F2AD94B8F0036D710 /* Resources */,
			);
			buildRules = (
			);
			dependencies = (
			);
			name = "Standups-MVC-xrOS";
			packageProductDependencies = (
			);
			productName = "Standups-MVC";
			productReference = 7940E1A12AD94B8F0036D710 /* Standups-MVC-xrOS.app */;
			productType = "com.apple.product-type.application";
		};
		7940E1B52AD94B920036D710 /* Standups-MVC-xrOSTests */ = {
			isa = PBXNativeTarget;
			buildConfigurationList = 7940E1C12AD94B920036D710 /* Build configuration list for PBXNativeTarget "Standups-MVC-xrOSTests" */;
			buildPhases = (
				7940E1B22AD94B920036D710 /* Sources */,
				7940E1B32AD94B920036D710 /* Frameworks */,
				7940E1B42AD94B920036D710 /* Resources */,
			);
			buildRules = (
			);
			dependencies = (
				7940E1B82AD94B920036D710 /* PBXTargetDependency */,
			);
			name = "Standups-MVC-xrOSTests";
			productName = "Standups-MVCTests";
			productReference = 7940E1B62AD94B920036D710 /* Standups-MVC-xrOSTests.xctest */;
			productType = "com.apple.product-type.bundle.unit-test";
		};
		796873F62ADD1D4B0066F95E /* Standups-MVC-iOSTests */ = {
			isa = PBXNativeTarget;
			buildConfigurationList = 796873FD2ADD1D4B0066F95E /* Build configuration list for PBXNativeTarget "Standups-MVC-iOSTests" */;
			buildPhases = (
				796873F32ADD1D4B0066F95E /* Sources */,
				796873F42ADD1D4B0066F95E /* Frameworks */,
				796873F52ADD1D4B0066F95E /* Resources */,
			);
			buildRules = (
			);
			dependencies = (
				796873FC2ADD1D4B0066F95E /* PBXTargetDependency */,
			);
			name = "Standups-MVC-iOSTests";
			productName = "Standups-MVC-iOSTests";
			productReference = 796873F72ADD1D4B0066F95E /* Standups-MVC-iOSTests.xctest */;
			productType = "com.apple.product-type.bundle.unit-test";
		};
		79D6B2E62ADD189E0018F4F8 /* Standups-MVC-iOS */ = {
			isa = PBXNativeTarget;
			buildConfigurationList = 79D6B2F42ADD18A00018F4F8 /* Build configuration list for PBXNativeTarget "Standups-MVC-iOS" */;
			buildPhases = (
				79D6B2E32ADD189E0018F4F8 /* Sources */,
				79D6B2E42ADD189E0018F4F8 /* Frameworks */,
				79D6B2E52ADD189E0018F4F8 /* Resources */,
			);
			buildRules = (
			);
			dependencies = (
			);
			name = "Standups-MVC-iOS";
			productName = "Standups-MVC-iOS";
			productReference = 79D6B2E72ADD189E0018F4F8 /* Standups-MVC-iOS.app */;
			productType = "com.apple.product-type.application";
		};
/* End PBXNativeTarget section */

/* Begin PBXProject section */
		7940E1992AD94B8F0036D710 /* Project object */ = {
			isa = PBXProject;
			attributes = {
				BuildIndependentTargetsInParallel = 1;
				LastSwiftUpdateCheck = 1510;
				LastUpgradeCheck = 1510;
				TargetAttributes = {
					7940E1A02AD94B8F0036D710 = {
						CreatedOnToolsVersion = 15.1;
					};
					7940E1B52AD94B920036D710 = {
						CreatedOnToolsVersion = 15.1;
						TestTargetID = 7940E1A02AD94B8F0036D710;
					};
					796873F62ADD1D4B0066F95E = {
						CreatedOnToolsVersion = 15.1;
						TestTargetID = 79D6B2E62ADD189E0018F4F8;
					};
					79D6B2E62ADD189E0018F4F8 = {
						CreatedOnToolsVersion = 15.1;
					};
				};
			};
			buildConfigurationList = 7940E19C2AD94B8F0036D710 /* Build configuration list for PBXProject "Standups-MVC" */;
			compatibilityVersion = "Xcode 14.0";
			developmentRegion = en;
			hasScannedForEncodings = 0;
			knownRegions = (
				en,
				Base,
			);
			mainGroup = 7940E1982AD94B8F0036D710;
			productRefGroup = 7940E1A22AD94B8F0036D710 /* Products */;
			projectDirPath = "";
			projectRoot = "";
			targets = (
				7940E1A02AD94B8F0036D710 /* Standups-MVC-xrOS */,
				79D6B2E62ADD189E0018F4F8 /* Standups-MVC-iOS */,
				7940E1B52AD94B920036D710 /* Standups-MVC-xrOSTests */,
				796873F62ADD1D4B0066F95E /* Standups-MVC-iOSTests */,
			);
		};
/* End PBXProject section */

/* Begin PBXResourcesBuildPhase section */
		7940E19F2AD94B8F0036D710 /* Resources */ = {
			isa = PBXResourcesBuildPhase;
			buildActionMask = 2147483647;
			files = (
				7938E2162AE1673B00A1B94B /* ding.wav in Resources */,
				7940E1B02AD94B920036D710 /* Preview Assets.xcassets in Resources */,
				7940E1AD2AD94B920036D710 /* Assets.xcassets in Resources */,
			);
			runOnlyForDeploymentPostprocessing = 0;
		};
		7940E1B42AD94B920036D710 /* Resources */ = {
			isa = PBXResourcesBuildPhase;
			buildActionMask = 2147483647;
			files = (
			);
			runOnlyForDeploymentPostprocessing = 0;
		};
		796873F52ADD1D4B0066F95E /* Resources */ = {
			isa = PBXResourcesBuildPhase;
			buildActionMask = 2147483647;
			files = (
			);
			runOnlyForDeploymentPostprocessing = 0;
		};
		79D6B2E52ADD189E0018F4F8 /* Resources */ = {
			isa = PBXResourcesBuildPhase;
			buildActionMask = 2147483647;
			files = (
				7938E2172AE1673B00A1B94B /* ding.wav in Resources */,
				79489E3D2AE044920040C708 /* Assets.xcassets in Resources */,
				79489E222AE043F40040C708 /* iOSIcon.xcassets in Resources */,
			);
			runOnlyForDeploymentPostprocessing = 0;
		};
/* End PBXResourcesBuildPhase section */

/* Begin PBXSourcesBuildPhase section */
		7940E19D2AD94B8F0036D710 /* Sources */ = {
			isa = PBXSourcesBuildPhase;
			buildActionMask = 2147483647;
			files = (
				7940E1AB2AD94B8F0036D710 /* StandupsListView.swift in Sources */,
				7940E1D22AD95EE10036D710 /* SampleData.swift in Sources */,
				796874032ADD5D6C0066F95E /* Playground.swift in Sources */,
				7940E1A92AD94B8F0036D710 /* Standups_MVCApp.swift in Sources */,
				79F1CC7E2AF137280075D6D2 /* Alert+Item.swift in Sources */,
				79DB91B82AF27B9A004E6AD0 /* MeetingDetailView.swift in Sources */,
				79F1CC7A2AE7E4EF0075D6D2 /* Attendee+DeepCopy.swift in Sources */,
				791E4ACD2AE13AEF006DFE88 /* EnvironmentValues+Key.swift in Sources */,
				7940E1C62AD9539F0036D710 /* Task+Sleep.swift in Sources */,
				791E4AD32AE15D11006DFE88 /* SensoryFeedbackPlayer.swift in Sources */,
				791E4ACA2AE1325D006DFE88 /* SpeechRecognizer.swift in Sources */,
				79489E1B2AE036D00040C708 /* Attendee.swift in Sources */,
				79D60B112AE0533D00F8C8ED /* RecordMeetingView.swift in Sources */,
				79F1CC812AF138E70075D6D2 /* SimpleError.swift in Sources */,
				7940E1D72ADC115B0036D710 /* TestUtils.swift in Sources */,
				7940E1CE2AD95DA80036D710 /* Standup.swift in Sources */,
				79F1CC842AF13CF90075D6D2 /* Meeting.swift in Sources */,
				79489E3F2AE048780040C708 /* TrailingIconLabelStyle.swift in Sources */,
				79489E142AE0097D0040C708 /* StandupDetailView.swift in Sources */,
				79489E1E2AE042C00040C708 /* Theme.swift in Sources */,
				79DB91B22AF2763A004E6AD0 /* Date.swift in Sources */,
				79F1CC782AE7E4E10075D6D2 /* Standup+DeepCopy.swift in Sources */,
				79D835D72AE7DA2200B111EA /* Reference.swift in Sources */,
				79D6B2E12ADC846D0018F4F8 /* View+SyncPreference.swift in Sources */,
				7940E1D42AD9607A0036D710 /* EditStandupView.swift in Sources */,
			);
			runOnlyForDeploymentPostprocessing = 0;
		};
		7940E1B22AD94B920036D710 /* Sources */ = {
			isa = PBXSourcesBuildPhase;
			buildActionMask = 2147483647;
			files = (
				7940E1BB2AD94B920036D710 /* StandupListTests.swift in Sources */,
				7956143B2AF3CD04001C59A5 /* Utils.swift in Sources */,
				7956143E2AF3D021001C59A5 /* AppTests.swift in Sources */,
			);
			runOnlyForDeploymentPostprocessing = 0;
		};
		796873F32ADD1D4B0066F95E /* Sources */ = {
			isa = PBXSourcesBuildPhase;
			buildActionMask = 2147483647;
			files = (
				796874002ADD1D9B0066F95E /* StandupListTests.swift in Sources */,
				7956143C2AF3CD04001C59A5 /* Utils.swift in Sources */,
				7956143F2AF3D021001C59A5 /* AppTests.swift in Sources */,
			);
			runOnlyForDeploymentPostprocessing = 0;
		};
		79D6B2E32ADD189E0018F4F8 /* Sources */ = {
			isa = PBXSourcesBuildPhase;
			buildActionMask = 2147483647;
			files = (
				79D6B2FD2ADD19110018F4F8 /* Standups_MVCApp.swift in Sources */,
				79D6B2FB2ADD190B0018F4F8 /* StandupsListView.swift in Sources */,
				796874042ADD5D700066F95E /* Playground.swift in Sources */,
				79D6B2F72ADD18FF0018F4F8 /* View+SyncPreference.swift in Sources */,
				79F1CC7F2AF137280075D6D2 /* Alert+Item.swift in Sources */,
				79DB91B92AF27B9A004E6AD0 /* MeetingDetailView.swift in Sources */,
				791E4ACE2AE13AEF006DFE88 /* EnvironmentValues+Key.swift in Sources */,
				79D6B2F62ADD18FE0018F4F8 /* TestUtils.swift in Sources */,
				79F1CC7B2AE7E4EF0075D6D2 /* Attendee+DeepCopy.swift in Sources */,
				791E4AD42AE15D11006DFE88 /* SensoryFeedbackPlayer.swift in Sources */,
				791E4ACB2AE1325D006DFE88 /* SpeechRecognizer.swift in Sources */,
				79489E1C2AE036D00040C708 /* Attendee.swift in Sources */,
				79D60B122AE0533D00F8C8ED /* RecordMeetingView.swift in Sources */,
				79F1CC822AF138E70075D6D2 /* SimpleError.swift in Sources */,
				79D6B2F82ADD18FF0018F4F8 /* Task+Sleep.swift in Sources */,
				79D6B2FA2ADD19050018F4F8 /* Standup.swift in Sources */,
				79F1CC852AF13CF90075D6D2 /* Meeting.swift in Sources */,
				79489E402AE048780040C708 /* TrailingIconLabelStyle.swift in Sources */,
				79489E152AE0097D0040C708 /* StandupDetailView.swift in Sources */,
				79489E1F2AE042C00040C708 /* Theme.swift in Sources */,
				79DB91B32AF2763A004E6AD0 /* Date.swift in Sources */,
				79F1CC7C2AE7E4F40075D6D2 /* Standup+DeepCopy.swift in Sources */,
				79D835D82AE7DA2200B111EA /* Reference.swift in Sources */,
				79D6B2F92ADD19050018F4F8 /* SampleData.swift in Sources */,
				79D6B2FC2ADD190B0018F4F8 /* EditStandupView.swift in Sources */,
			);
			runOnlyForDeploymentPostprocessing = 0;
		};
/* End PBXSourcesBuildPhase section */

/* Begin PBXTargetDependency section */
		7940E1B82AD94B920036D710 /* PBXTargetDependency */ = {
			isa = PBXTargetDependency;
			target = 7940E1A02AD94B8F0036D710 /* Standups-MVC-xrOS */;
			targetProxy = 7940E1B72AD94B920036D710 /* PBXContainerItemProxy */;
		};
		796873FC2ADD1D4B0066F95E /* PBXTargetDependency */ = {
			isa = PBXTargetDependency;
			target = 79D6B2E62ADD189E0018F4F8 /* Standups-MVC-iOS */;
			targetProxy = 796873FB2ADD1D4B0066F95E /* PBXContainerItemProxy */;
		};
/* End PBXTargetDependency section */

/* Begin XCBuildConfiguration section */
		7940E1BC2AD94B920036D710 /* Debug */ = {
			isa = XCBuildConfiguration;
			buildSettings = {
				ALWAYS_SEARCH_USER_PATHS = NO;
				ASSETCATALOG_COMPILER_GENERATE_SWIFT_ASSET_SYMBOL_EXTENSIONS = YES;
				CLANG_ANALYZER_NONNULL = YES;
				CLANG_ANALYZER_NUMBER_OBJECT_CONVERSION = YES_AGGRESSIVE;
				CLANG_CXX_LANGUAGE_STANDARD = "gnu++20";
				CLANG_ENABLE_MODULES = YES;
				CLANG_ENABLE_OBJC_ARC = YES;
				CLANG_ENABLE_OBJC_WEAK = YES;
				CLANG_WARN_BLOCK_CAPTURE_AUTORELEASING = YES;
				CLANG_WARN_BOOL_CONVERSION = YES;
				CLANG_WARN_COMMA = YES;
				CLANG_WARN_CONSTANT_CONVERSION = YES;
				CLANG_WARN_DEPRECATED_OBJC_IMPLEMENTATIONS = YES;
				CLANG_WARN_DIRECT_OBJC_ISA_USAGE = YES_ERROR;
				CLANG_WARN_DOCUMENTATION_COMMENTS = YES;
				CLANG_WARN_EMPTY_BODY = YES;
				CLANG_WARN_ENUM_CONVERSION = YES;
				CLANG_WARN_INFINITE_RECURSION = YES;
				CLANG_WARN_INT_CONVERSION = YES;
				CLANG_WARN_NON_LITERAL_NULL_CONVERSION = YES;
				CLANG_WARN_OBJC_IMPLICIT_RETAIN_SELF = YES;
				CLANG_WARN_OBJC_LITERAL_CONVERSION = YES;
				CLANG_WARN_OBJC_ROOT_CLASS = YES_ERROR;
				CLANG_WARN_QUOTED_INCLUDE_IN_FRAMEWORK_HEADER = YES;
				CLANG_WARN_RANGE_LOOP_ANALYSIS = YES;
				CLANG_WARN_STRICT_PROTOTYPES = YES;
				CLANG_WARN_SUSPICIOUS_MOVE = YES;
				CLANG_WARN_UNGUARDED_AVAILABILITY = YES_AGGRESSIVE;
				CLANG_WARN_UNREACHABLE_CODE = YES;
				CLANG_WARN__DUPLICATE_METHOD_MATCH = YES;
				COPY_PHASE_STRIP = NO;
				DEBUG_INFORMATION_FORMAT = dwarf;
				ENABLE_STRICT_OBJC_MSGSEND = YES;
				ENABLE_TESTABILITY = YES;
				ENABLE_USER_SCRIPT_SANDBOXING = YES;
				GCC_C_LANGUAGE_STANDARD = gnu17;
				GCC_DYNAMIC_NO_PIC = NO;
				GCC_NO_COMMON_BLOCKS = YES;
				GCC_OPTIMIZATION_LEVEL = 0;
				GCC_PREPROCESSOR_DEFINITIONS = (
					"DEBUG=1",
					"$(inherited)",
				);
				GCC_WARN_64_TO_32_BIT_CONVERSION = YES;
				GCC_WARN_ABOUT_RETURN_TYPE = YES_ERROR;
				GCC_WARN_UNDECLARED_SELECTOR = YES;
				GCC_WARN_UNINITIALIZED_AUTOS = YES_AGGRESSIVE;
				GCC_WARN_UNUSED_FUNCTION = YES;
				GCC_WARN_UNUSED_VARIABLE = YES;
				LOCALIZATION_PREFERS_STRING_CATALOGS = YES;
				MTL_ENABLE_DEBUG_INFO = INCLUDE_SOURCE;
				MTL_FAST_MATH = YES;
				ONLY_ACTIVE_ARCH = YES;
				SDKROOT = xros;
				SWIFT_ACTIVE_COMPILATION_CONDITIONS = "DEBUG $(inherited)";
				SWIFT_OPTIMIZATION_LEVEL = "-Onone";
				XROS_DEPLOYMENT_TARGET = 1.0;
			};
			name = Debug;
		};
		7940E1BD2AD94B920036D710 /* Release */ = {
			isa = XCBuildConfiguration;
			buildSettings = {
				ALWAYS_SEARCH_USER_PATHS = NO;
				ASSETCATALOG_COMPILER_GENERATE_SWIFT_ASSET_SYMBOL_EXTENSIONS = YES;
				CLANG_ANALYZER_NONNULL = YES;
				CLANG_ANALYZER_NUMBER_OBJECT_CONVERSION = YES_AGGRESSIVE;
				CLANG_CXX_LANGUAGE_STANDARD = "gnu++20";
				CLANG_ENABLE_MODULES = YES;
				CLANG_ENABLE_OBJC_ARC = YES;
				CLANG_ENABLE_OBJC_WEAK = YES;
				CLANG_WARN_BLOCK_CAPTURE_AUTORELEASING = YES;
				CLANG_WARN_BOOL_CONVERSION = YES;
				CLANG_WARN_COMMA = YES;
				CLANG_WARN_CONSTANT_CONVERSION = YES;
				CLANG_WARN_DEPRECATED_OBJC_IMPLEMENTATIONS = YES;
				CLANG_WARN_DIRECT_OBJC_ISA_USAGE = YES_ERROR;
				CLANG_WARN_DOCUMENTATION_COMMENTS = YES;
				CLANG_WARN_EMPTY_BODY = YES;
				CLANG_WARN_ENUM_CONVERSION = YES;
				CLANG_WARN_INFINITE_RECURSION = YES;
				CLANG_WARN_INT_CONVERSION = YES;
				CLANG_WARN_NON_LITERAL_NULL_CONVERSION = YES;
				CLANG_WARN_OBJC_IMPLICIT_RETAIN_SELF = YES;
				CLANG_WARN_OBJC_LITERAL_CONVERSION = YES;
				CLANG_WARN_OBJC_ROOT_CLASS = YES_ERROR;
				CLANG_WARN_QUOTED_INCLUDE_IN_FRAMEWORK_HEADER = YES;
				CLANG_WARN_RANGE_LOOP_ANALYSIS = YES;
				CLANG_WARN_STRICT_PROTOTYPES = YES;
				CLANG_WARN_SUSPICIOUS_MOVE = YES;
				CLANG_WARN_UNGUARDED_AVAILABILITY = YES_AGGRESSIVE;
				CLANG_WARN_UNREACHABLE_CODE = YES;
				CLANG_WARN__DUPLICATE_METHOD_MATCH = YES;
				COPY_PHASE_STRIP = NO;
				DEBUG_INFORMATION_FORMAT = "dwarf-with-dsym";
				ENABLE_NS_ASSERTIONS = NO;
				ENABLE_STRICT_OBJC_MSGSEND = YES;
				ENABLE_USER_SCRIPT_SANDBOXING = YES;
				GCC_C_LANGUAGE_STANDARD = gnu17;
				GCC_NO_COMMON_BLOCKS = YES;
				GCC_WARN_64_TO_32_BIT_CONVERSION = YES;
				GCC_WARN_ABOUT_RETURN_TYPE = YES_ERROR;
				GCC_WARN_UNDECLARED_SELECTOR = YES;
				GCC_WARN_UNINITIALIZED_AUTOS = YES_AGGRESSIVE;
				GCC_WARN_UNUSED_FUNCTION = YES;
				GCC_WARN_UNUSED_VARIABLE = YES;
				LOCALIZATION_PREFERS_STRING_CATALOGS = YES;
				MTL_ENABLE_DEBUG_INFO = NO;
				MTL_FAST_MATH = YES;
				SDKROOT = xros;
				SWIFT_COMPILATION_MODE = wholemodule;
				VALIDATE_PRODUCT = YES;
				XROS_DEPLOYMENT_TARGET = 1.0;
			};
			name = Release;
		};
		7940E1BF2AD94B920036D710 /* Debug */ = {
			isa = XCBuildConfiguration;
			buildSettings = {
				ASSETCATALOG_COMPILER_APPICON_NAME = AppIcon;
				ASSETCATALOG_COMPILER_GLOBAL_ACCENT_COLOR_NAME = AccentColor;
				CODE_SIGN_STYLE = Automatic;
				CURRENT_PROJECT_VERSION = 1;
				DEVELOPMENT_ASSET_PATHS = "\"Standups-MVC/Preview Content\"";
				ENABLE_PREVIEWS = YES;
				GENERATE_INFOPLIST_FILE = YES;
				INFOPLIST_FILE = "$(TARGET_NAME)/Info.plist";
				INFOPLIST_KEY_NSSpeechRecognitionUsageDescription = "All your mic are belong to us!";
				LD_RUNPATH_SEARCH_PATHS = (
					"$(inherited)",
					"@executable_path/Frameworks",
				);
				MARKETING_VERSION = 1.0;
				PRODUCT_BUNDLE_IDENTIFIER = "cz.pteasima.Standups-MVC-xrOS";
				PRODUCT_NAME = "$(TARGET_NAME)";
				SUPPORTED_PLATFORMS = "xros xrsimulator";
				SWIFT_EMIT_LOC_STRINGS = YES;
				SWIFT_VERSION = 5.0;
				TARGETED_DEVICE_FAMILY = "1,2,7";
			};
			name = Debug;
		};
		7940E1C02AD94B920036D710 /* Release */ = {
			isa = XCBuildConfiguration;
			buildSettings = {
				ASSETCATALOG_COMPILER_APPICON_NAME = AppIcon;
				ASSETCATALOG_COMPILER_GLOBAL_ACCENT_COLOR_NAME = AccentColor;
				CODE_SIGN_STYLE = Automatic;
				CURRENT_PROJECT_VERSION = 1;
				DEVELOPMENT_ASSET_PATHS = "\"Standups-MVC/Preview Content\"";
				ENABLE_PREVIEWS = YES;
				GENERATE_INFOPLIST_FILE = YES;
				INFOPLIST_FILE = "$(TARGET_NAME)/Info.plist";
				INFOPLIST_KEY_NSSpeechRecognitionUsageDescription = "All your mic are belong to us!";
				LD_RUNPATH_SEARCH_PATHS = (
					"$(inherited)",
					"@executable_path/Frameworks",
				);
				MARKETING_VERSION = 1.0;
				PRODUCT_BUNDLE_IDENTIFIER = "cz.pteasima.Standups-MVC-xrOS";
				PRODUCT_NAME = "$(TARGET_NAME)";
				SUPPORTED_PLATFORMS = "xros xrsimulator";
				SWIFT_EMIT_LOC_STRINGS = YES;
				SWIFT_VERSION = 5.0;
				TARGETED_DEVICE_FAMILY = "1,2,7";
			};
			name = Release;
		};
		7940E1C22AD94B920036D710 /* Debug */ = {
			isa = XCBuildConfiguration;
			buildSettings = {
				ALWAYS_EMBED_SWIFT_STANDARD_LIBRARIES = YES;
				BUNDLE_LOADER = "$(TEST_HOST)";
				CODE_SIGN_STYLE = Automatic;
				CURRENT_PROJECT_VERSION = 1;
				GENERATE_INFOPLIST_FILE = YES;
				MARKETING_VERSION = 1.0;
				PRODUCT_BUNDLE_IDENTIFIER = "cz.pteasima.Standups-MVC-xrOSTests";
				PRODUCT_NAME = "$(TARGET_NAME)";
				SUPPORTED_PLATFORMS = "xros xrsimulator";
				SWIFT_EMIT_LOC_STRINGS = NO;
				SWIFT_VERSION = 5.0;
				TARGETED_DEVICE_FAMILY = "1,2,7";
				TEST_HOST = "$(BUILT_PRODUCTS_DIR)/Standups-MVC-xrOS.app/$(BUNDLE_EXECUTABLE_FOLDER_PATH)/Standups-MVC-xrOS";
				XROS_DEPLOYMENT_TARGET = 1.0;
			};
			name = Debug;
		};
		7940E1C32AD94B920036D710 /* Release */ = {
			isa = XCBuildConfiguration;
			buildSettings = {
				ALWAYS_EMBED_SWIFT_STANDARD_LIBRARIES = YES;
				BUNDLE_LOADER = "$(TEST_HOST)";
				CODE_SIGN_STYLE = Automatic;
				CURRENT_PROJECT_VERSION = 1;
				GENERATE_INFOPLIST_FILE = YES;
				MARKETING_VERSION = 1.0;
				PRODUCT_BUNDLE_IDENTIFIER = "cz.pteasima.Standups-MVC-xrOSTests";
				PRODUCT_NAME = "$(TARGET_NAME)";
				SUPPORTED_PLATFORMS = "xros xrsimulator";
				SWIFT_EMIT_LOC_STRINGS = NO;
				SWIFT_VERSION = 5.0;
				TARGETED_DEVICE_FAMILY = "1,2,7";
				TEST_HOST = "$(BUILT_PRODUCTS_DIR)/Standups-MVC-xrOS.app/$(BUNDLE_EXECUTABLE_FOLDER_PATH)/Standups-MVC-xrOS";
				XROS_DEPLOYMENT_TARGET = 1.0;
			};
			name = Release;
		};
		796873FE2ADD1D4B0066F95E /* Debug */ = {
			isa = XCBuildConfiguration;
			buildSettings = {
				BUNDLE_LOADER = "$(TEST_HOST)";
				CODE_SIGN_STYLE = Automatic;
				CURRENT_PROJECT_VERSION = 1;
				DEVELOPMENT_TEAM = 76EHURWG2W;
				GENERATE_INFOPLIST_FILE = YES;
				IPHONEOS_DEPLOYMENT_TARGET = 17.0;
				MARKETING_VERSION = 1.0;
				PRODUCT_BUNDLE_IDENTIFIER = "cz.pteasima.Standups-MVC-iOSTests";
				PRODUCT_NAME = "$(TARGET_NAME)";
				SDKROOT = iphoneos;
				SWIFT_EMIT_LOC_STRINGS = NO;
				SWIFT_VERSION = 5.0;
				TARGETED_DEVICE_FAMILY = "1,2";
				TEST_HOST = "$(BUILT_PRODUCTS_DIR)/Standups-MVC-iOS.app/$(BUNDLE_EXECUTABLE_FOLDER_PATH)/Standups-MVC-iOS";
			};
			name = Debug;
		};
		796873FF2ADD1D4B0066F95E /* Release */ = {
			isa = XCBuildConfiguration;
			buildSettings = {
				BUNDLE_LOADER = "$(TEST_HOST)";
				CODE_SIGN_STYLE = Automatic;
				CURRENT_PROJECT_VERSION = 1;
				DEVELOPMENT_TEAM = 76EHURWG2W;
				GENERATE_INFOPLIST_FILE = YES;
				IPHONEOS_DEPLOYMENT_TARGET = 17.0;
				MARKETING_VERSION = 1.0;
				PRODUCT_BUNDLE_IDENTIFIER = "cz.pteasima.Standups-MVC-iOSTests";
				PRODUCT_NAME = "$(TARGET_NAME)";
				SDKROOT = iphoneos;
				SWIFT_EMIT_LOC_STRINGS = NO;
				SWIFT_VERSION = 5.0;
				TARGETED_DEVICE_FAMILY = "1,2";
				TEST_HOST = "$(BUILT_PRODUCTS_DIR)/Standups-MVC-iOS.app/$(BUNDLE_EXECUTABLE_FOLDER_PATH)/Standups-MVC-iOS";
			};
			name = Release;
		};
		79D6B2F22ADD18A00018F4F8 /* Debug */ = {
			isa = XCBuildConfiguration;
			buildSettings = {
				ASSETCATALOG_COMPILER_APPICON_NAME = AppIcon;
				ASSETCATALOG_COMPILER_GLOBAL_ACCENT_COLOR_NAME = AccentColor;
				CODE_SIGN_STYLE = Automatic;
				CURRENT_PROJECT_VERSION = 1;
				DEVELOPMENT_TEAM = 76EHURWG2W;
				ENABLE_PREVIEWS = YES;
				GENERATE_INFOPLIST_FILE = YES;
				INFOPLIST_FILE = "Standups-MVC-iOS/Info.plist";
				INFOPLIST_KEY_NSSpeechRecognitionUsageDescription = "All your mic are belong to us!";
				INFOPLIST_KEY_UIApplicationSceneManifest_Generation = YES;
				INFOPLIST_KEY_UIApplicationSupportsIndirectInputEvents = YES;
				INFOPLIST_KEY_UILaunchScreen_Generation = YES;
				INFOPLIST_KEY_UISupportedInterfaceOrientations_iPad = "UIInterfaceOrientationPortrait UIInterfaceOrientationPortraitUpsideDown UIInterfaceOrientationLandscapeLeft UIInterfaceOrientationLandscapeRight";
				INFOPLIST_KEY_UISupportedInterfaceOrientations_iPhone = "UIInterfaceOrientationPortrait UIInterfaceOrientationLandscapeLeft UIInterfaceOrientationLandscapeRight";
				IPHONEOS_DEPLOYMENT_TARGET = 17.0;
				LD_RUNPATH_SEARCH_PATHS = (
					"$(inherited)",
					"@executable_path/Frameworks",
				);
				MARKETING_VERSION = 1.0;
				PRODUCT_BUNDLE_IDENTIFIER = "cz.pteasima.Standups-MVC-iOS";
				PRODUCT_NAME = "$(TARGET_NAME)";
				SDKROOT = iphoneos;
				SWIFT_EMIT_LOC_STRINGS = YES;
				SWIFT_VERSION = 5.0;
				TARGETED_DEVICE_FAMILY = "1,2";
			};
			name = Debug;
		};
		79D6B2F32ADD18A00018F4F8 /* Release */ = {
			isa = XCBuildConfiguration;
			buildSettings = {
				ASSETCATALOG_COMPILER_APPICON_NAME = AppIcon;
				ASSETCATALOG_COMPILER_GLOBAL_ACCENT_COLOR_NAME = AccentColor;
				CODE_SIGN_STYLE = Automatic;
				CURRENT_PROJECT_VERSION = 1;
				DEVELOPMENT_TEAM = 76EHURWG2W;
				ENABLE_PREVIEWS = YES;
				GENERATE_INFOPLIST_FILE = YES;
				INFOPLIST_FILE = "Standups-MVC-iOS/Info.plist";
				INFOPLIST_KEY_NSSpeechRecognitionUsageDescription = "All your mic are belong to us!";
				INFOPLIST_KEY_UIApplicationSceneManifest_Generation = YES;
				INFOPLIST_KEY_UIApplicationSupportsIndirectInputEvents = YES;
				INFOPLIST_KEY_UILaunchScreen_Generation = YES;
				INFOPLIST_KEY_UISupportedInterfaceOrientations_iPad = "UIInterfaceOrientationPortrait UIInterfaceOrientationPortraitUpsideDown UIInterfaceOrientationLandscapeLeft UIInterfaceOrientationLandscapeRight";
				INFOPLIST_KEY_UISupportedInterfaceOrientations_iPhone = "UIInterfaceOrientationPortrait UIInterfaceOrientationLandscapeLeft UIInterfaceOrientationLandscapeRight";
				IPHONEOS_DEPLOYMENT_TARGET = 17.0;
				LD_RUNPATH_SEARCH_PATHS = (
					"$(inherited)",
					"@executable_path/Frameworks",
				);
				MARKETING_VERSION = 1.0;
				PRODUCT_BUNDLE_IDENTIFIER = "cz.pteasima.Standups-MVC-iOS";
				PRODUCT_NAME = "$(TARGET_NAME)";
				SDKROOT = iphoneos;
				SWIFT_EMIT_LOC_STRINGS = YES;
				SWIFT_VERSION = 5.0;
				TARGETED_DEVICE_FAMILY = "1,2";
			};
			name = Release;
		};
/* End XCBuildConfiguration section */

/* Begin XCConfigurationList section */
		7940E19C2AD94B8F0036D710 /* Build configuration list for PBXProject "Standups-MVC" */ = {
			isa = XCConfigurationList;
			buildConfigurations = (
				7940E1BC2AD94B920036D710 /* Debug */,
				7940E1BD2AD94B920036D710 /* Release */,
			);
			defaultConfigurationIsVisible = 0;
			defaultConfigurationName = Release;
		};
		7940E1BE2AD94B920036D710 /* Build configuration list for PBXNativeTarget "Standups-MVC-xrOS" */ = {
			isa = XCConfigurationList;
			buildConfigurations = (
				7940E1BF2AD94B920036D710 /* Debug */,
				7940E1C02AD94B920036D710 /* Release */,
			);
			defaultConfigurationIsVisible = 0;
			defaultConfigurationName = Release;
		};
		7940E1C12AD94B920036D710 /* Build configuration list for PBXNativeTarget "Standups-MVC-xrOSTests" */ = {
			isa = XCConfigurationList;
			buildConfigurations = (
				7940E1C22AD94B920036D710 /* Debug */,
				7940E1C32AD94B920036D710 /* Release */,
			);
			defaultConfigurationIsVisible = 0;
			defaultConfigurationName = Release;
		};
		796873FD2ADD1D4B0066F95E /* Build configuration list for PBXNativeTarget "Standups-MVC-iOSTests" */ = {
			isa = XCConfigurationList;
			buildConfigurations = (
				796873FE2ADD1D4B0066F95E /* Debug */,
				796873FF2ADD1D4B0066F95E /* Release */,
			);
			defaultConfigurationIsVisible = 0;
			defaultConfigurationName = Release;
		};
		79D6B2F42ADD18A00018F4F8 /* Build configuration list for PBXNativeTarget "Standups-MVC-iOS" */ = {
			isa = XCConfigurationList;
			buildConfigurations = (
				79D6B2F22ADD18A00018F4F8 /* Debug */,
				79D6B2F32ADD18A00018F4F8 /* Release */,
			);
			defaultConfigurationIsVisible = 0;
			defaultConfigurationName = Release;
		};
/* End XCConfigurationList section */
	};
	rootObject = 7940E1992AD94B8F0036D710 /* Project object */;
}
